<?xml version="1.0" encoding="utf-8"?>
<Project ToolsVersion="4.0" xmlns="http://schemas.microsoft.com/developer/msbuild/2003">
  <ItemGroup>
    <Filter Include="Source Files">
      <UniqueIdentifier>{4FC737F1-C7A5-4376-A066-2A32D752A2FF}</UniqueIdentifier>
      <Extensions>cpp;c;cc;cxx;def;odl;idl;hpj;bat;asm;asmx</Extensions>
    </Filter>
    <Filter Include="Header Files">
      <UniqueIdentifier>{93995380-89BD-4b04-88EB-625FBE52EBFB}</UniqueIdentifier>
      <Extensions>h;hh;hpp;hxx;hm;inl;inc;ipp;xsd</Extensions>
    </Filter>
    <Filter Include="Resource Files">
      <UniqueIdentifier>{67DA6AB6-F800-4c08-8B7A-83BB121AAD01}</UniqueIdentifier>
      <Extensions>rc;ico;cur;bmp;dlg;rc2;rct;bin;rgs;gif;jpg;jpeg;jpe;resx;tiff;tif;png;wav;mfcribbon-ms</Extensions>
    </Filter>
    <Filter Include="Header Files\Fortnite">
      <UniqueIdentifier>{ecf84f3f-2f5d-41ee-9646-bbfdd7922763}</UniqueIdentifier>
    </Filter>
    <Filter Include="Header Files\Fortnite\Properties">
      <UniqueIdentifier>{b874d923-9efa-4a46-8c77-c06b5447e914}</UniqueIdentifier>
    </Filter>
    <Filter Include="Header Files\Fortnite\Vectors">
      <UniqueIdentifier>{fb4bcab2-7368-425d-85ff-d3ef8fc1cc4b}</UniqueIdentifier>
    </Filter>
    <Filter Include="Source Files\Fortnite">
      <UniqueIdentifier>{b2ef7a2d-5102-4c5a-ba46-01a3b2f2986a}</UniqueIdentifier>
    </Filter>
    <Filter Include="Source Files\Fortnite\Vectors">
      <UniqueIdentifier>{479a6b0f-3416-4ac0-ac32-612a2fb5c475}</UniqueIdentifier>
    </Filter>
    <Filter Include="Header Files\Fortnite\PresentScene">
      <UniqueIdentifier>{59b316b5-d197-49a5-8ae3-d2d079c88aeb}</UniqueIdentifier>
    </Filter>
    <Filter Include="Header Files\Fortnite\ControllerInput">
      <UniqueIdentifier>{9554a07a-3a55-4919-bbef-4f01451cdac3}</UniqueIdentifier>
    </Filter>
    <Filter Include="Header Files\Fortnite\KernelSpeed">
      <UniqueIdentifier>{01c3981e-ece6-4f28-ae2b-a992868c42a3}</UniqueIdentifier>
    </Filter>
  </ItemGroup>
  <ItemGroup>
    <ClCompile Include="dllmain.cpp">
      <Filter>Source Files</Filter>
    </ClCompile>
    <ClCompile Include="vector3d.cpp">
      <Filter>Source Files\Fortnite\Vectors</Filter>
    </ClCompile>
  </ItemGroup>
  <ItemGroup>
    <ClInclude Include="stdafx.h">
      <Filter>Header Files</Filter>
    </ClInclude>
    <ClInclude Include="xorstr.h">
      <Filter>Header Files</Filter>
    </ClInclude>
    <ClInclude Include="GameSDK.h">
      <Filter>Header Files\Fortnite</Filter>
    </ClInclude>
    <ClInclude Include="utils.h">
      <Filter>Header Files\Fortnite\Properties</Filter>
    </ClInclude>
    <ClInclude Include="vector3d.h">
      <Filter>Header Files\Fortnite\Vectors</Filter>
    </ClInclude>
    <ClInclude Include="PresentGui.h">
      <Filter>Header Files\Fortnite\PresentScene</Filter>
    </ClInclude>
    <ClInclude Include="Controller.h">
      <Filter>Header Files\Fortnite\ControllerInput</Filter>
    </ClInclude>
    <ClInclude Include="vector2d.h">
      <Filter>Header Files\Fortnite\Vectors</Filter>
    </ClInclude>
    <ClInclude Include="Kernelcontrol.h">
      <Filter>Header Files\Fortnite\KernelSpeed</Filter>
    </ClInclude>
  </ItemGroup>
</Project>